
Microsoft Visual Studio Solution File, Format Version 12.00
# Visual Studio Version 16
VisualStudioVersion = 16.0.29613.14
MinimumVisualStudioVersion = 10.0.40219.1
Project("{FAE04EC0-301F-11D3-BF4B-00C04F79EFBC}") = "Delopgaveprojekt_ITONK_F20_Gruppe3", "Delopgaveprojekt_ITONK_F20_Gruppe3\Delopgaveprojekt_ITONK_F20_Gruppe3.csproj", "{0570DBED-5F7B-4227-BAC0-3E9A60FA2336}"
EndProject
Global
	GlobalSection(SolutionConfigurationPlatforms) = preSolution
		Debug|Any CPU = Debug|Any CPU
		Release|Any CPU = Release|Any CPU
	EndGlobalSection
	GlobalSection(ProjectConfigurationPlatforms) = postSolution
		{0570DBED-5F7B-4227-BAC0-3E9A60FA2336}.Debug|Any CPU.ActiveCfg = Debug|Any CPU
		{0570DBED-5F7B-4227-BAC0-3E9A60FA2336}.Debug|Any CPU.Build.0 = Debug|Any CPU
		{0570DBED-5F7B-4227-BAC0-3E9A60FA2336}.Release|Any CPU.ActiveCfg = Release|Any CPU
		{0570DBED-5F7B-4227-BAC0-3E9A60FA2336}.Release|Any CPU.Build.0 = Release|Any CPU
	EndGlobalSection
	GlobalSection(SolutionProperties) = preSolution
		HideSolutionNode = FALSE
	EndGlobalSection
	GlobalSection(ExtensibilityGlobals) = postSolution
		SolutionGuid = {2E617A70-D9D1-44FB-AC59-D1D37579074D}
	EndGlobalSection
EndGlobal
